// !$*UTF8*$!
{
	archiveVersion = 1;
	classes = {
	};
	objectVersion = 56;
	objects = {

/* Begin PBXBuildFile section */
		371254F12C0B1EB100AC06D4 /* RealmSwift in Frameworks */ = {isa = PBXBuildFile; productRef = 371254F02C0B1EB100AC06D4 /* RealmSwift */; };
		371254F52C0B23B400AC06D4 /* NotTODO.swift in Sources */ = {isa = PBXBuildFile; fileRef = 37FBD16D2C0083F60051B214 /* NotTODO.swift */; };
		3757314F2C129CBC004FD95E /* PickerCell.xib in Resources */ = {isa = PBXBuildFile; fileRef = 3757314E2C129CBC004FD95E /* PickerCell.xib */; };
		375731502C129CBC004FD95E /* PickerCell.swift in Sources */ = {isa = PBXBuildFile; fileRef = 3757314D2C129CBC004FD95E /* PickerCell.swift */; };
		375731552C151419004FD95E /* Assets.xcassets in Resources */ = {isa = PBXBuildFile; fileRef = 379E1A3B2C0A164900AFD3FC /* Assets.xcassets */; };
		377DDBFC2C8D7070002C0623 /* customtextfield.swift in Sources */ = {isa = PBXBuildFile; fileRef = 377DDBFB2C8D7070002C0623 /* customtextfield.swift */; };
		379E1A272C06C33A00AFD3FC /* CheckBox.swift in Sources */ = {isa = PBXBuildFile; fileRef = 379E1A262C06C33A00AFD3FC /* CheckBox.swift */; };
		379E1A2F2C0A164500AFD3FC /* WidgetKit.framework in Frameworks */ = {isa = PBXBuildFile; fileRef = 379E1A2E2C0A164500AFD3FC /* WidgetKit.framework */; };
		379E1A312C0A164500AFD3FC /* SwiftUI.framework in Frameworks */ = {isa = PBXBuildFile; fileRef = 379E1A302C0A164500AFD3FC /* SwiftUI.framework */; };
		379E1A342C0A164500AFD3FC /* NotTODOWidgetBundle.swift in Sources */ = {isa = PBXBuildFile; fileRef = 379E1A332C0A164500AFD3FC /* NotTODOWidgetBundle.swift */; };
		379E1A362C0A164500AFD3FC /* NotTODOWidgetLiveActivity.swift in Sources */ = {isa = PBXBuildFile; fileRef = 379E1A352C0A164500AFD3FC /* NotTODOWidgetLiveActivity.swift */; };
		379E1A382C0A164500AFD3FC /* NotTODOWidget.swift in Sources */ = {isa = PBXBuildFile; fileRef = 379E1A372C0A164500AFD3FC /* NotTODOWidget.swift */; };
		379E1A3C2C0A164900AFD3FC /* Assets.xcassets in Resources */ = {isa = PBXBuildFile; fileRef = 379E1A3B2C0A164900AFD3FC /* Assets.xcassets */; };
		379E1A402C0A164900AFD3FC /* NotTODOWidgetExtension.appex in Embed Foundation Extensions */ = {isa = PBXBuildFile; fileRef = 379E1A2C2C0A164500AFD3FC /* NotTODOWidgetExtension.appex */; settings = {ATTRIBUTES = (RemoveHeadersOnCopy, ); }; };
		37B5680A2C23281900992761 /* PrivacyInfo.xcprivacy in Resources */ = {isa = PBXBuildFile; fileRef = 37B568092C23281800992761 /* PrivacyInfo.xcprivacy */; };
		37B5680B2C23281900992761 /* PrivacyInfo.xcprivacy in Resources */ = {isa = PBXBuildFile; fileRef = 37B568092C23281800992761 /* PrivacyInfo.xcprivacy */; };
		37FB827E2C03415E00E6ED0D /* NotTODOTableViewCell.xib in Resources */ = {isa = PBXBuildFile; fileRef = 37FB827D2C03415D00E6ED0D /* NotTODOTableViewCell.xib */; };
		37FB827F2C03415E00E6ED0D /* NotTODOTableViewCell.swift in Sources */ = {isa = PBXBuildFile; fileRef = 37FB827C2C03415D00E6ED0D /* NotTODOTableViewCell.swift */; };
		37FB82852C04DEF000E6ED0D /* RealmSwift in Frameworks */ = {isa = PBXBuildFile; productRef = 37FB82842C04DEF000E6ED0D /* RealmSwift */; };
		37FB82882C04F03900E6ED0D /* RealmSwift in Embed Frameworks */ = {isa = PBXBuildFile; productRef = 37FB82842C04DEF000E6ED0D /* RealmSwift */; settings = {ATTRIBUTES = (CodeSignOnCopy, ); }; };
		37FBD1562C00298F0051B214 /* AppDelegate.swift in Sources */ = {isa = PBXBuildFile; fileRef = 37FBD1552C00298F0051B214 /* AppDelegate.swift */; };
		37FBD1582C00298F0051B214 /* SceneDelegate.swift in Sources */ = {isa = PBXBuildFile; fileRef = 37FBD1572C00298F0051B214 /* SceneDelegate.swift */; };
		37FBD15A2C00298F0051B214 /* NotTODOViewController.swift in Sources */ = {isa = PBXBuildFile; fileRef = 37FBD1592C00298F0051B214 /* NotTODOViewController.swift */; };
		37FBD15D2C00298F0051B214 /* Base in Resources */ = {isa = PBXBuildFile; fileRef = 37FBD15C2C00298F0051B214 /* Base */; };
		37FBD1622C0029930051B214 /* Base in Resources */ = {isa = PBXBuildFile; fileRef = 37FBD1612C0029930051B214 /* Base */; };
		37FBD16C2C00833C0051B214 /* AddNotTODOController.swift in Sources */ = {isa = PBXBuildFile; fileRef = 37FBD16B2C00833C0051B214 /* AddNotTODOController.swift */; };
		37FBD16E2C0083F60051B214 /* NotTODO.swift in Sources */ = {isa = PBXBuildFile; fileRef = 37FBD16D2C0083F60051B214 /* NotTODO.swift */; };
/* End PBXBuildFile section */

/* Begin PBXContainerItemProxy section */
		379E1A3E2C0A164900AFD3FC /* PBXContainerItemProxy */ = {
			isa = PBXContainerItemProxy;
			containerPortal = 37FBD14A2C00298F0051B214 /* Project object */;
			proxyType = 1;
			remoteGlobalIDString = 379E1A2B2C0A164500AFD3FC;
			remoteInfo = NotTODOWidgetExtension;
		};
/* End PBXContainerItemProxy section */

/* Begin PBXCopyFilesBuildPhase section */
		371254EE2C0B1EAD00AC06D4 /* Embed Frameworks */ = {
			isa = PBXCopyFilesBuildPhase;
			buildActionMask = 2147483647;
			dstPath = "";
			dstSubfolderSpec = 10;
			files = (
			);
			name = "Embed Frameworks";
			runOnlyForDeploymentPostprocessing = 0;
		};
		379E1A442C0A164900AFD3FC /* Embed Foundation Extensions */ = {
			isa = PBXCopyFilesBuildPhase;
			buildActionMask = 2147483647;
			dstPath = "";
			dstSubfolderSpec = 13;
			files = (
				379E1A402C0A164900AFD3FC /* NotTODOWidgetExtension.appex in Embed Foundation Extensions */,
			);
			name = "Embed Foundation Extensions";
			runOnlyForDeploymentPostprocessing = 0;
		};
		37FB82872C04F01400E6ED0D /* Embed Frameworks */ = {
			isa = PBXCopyFilesBuildPhase;
			buildActionMask = 2147483647;
			dstPath = "";
			dstSubfolderSpec = 10;
			files = (
				37FB82882C04F03900E6ED0D /* RealmSwift in Embed Frameworks */,
			);
			name = "Embed Frameworks";
			runOnlyForDeploymentPostprocessing = 0;
		};
/* End PBXCopyFilesBuildPhase section */

/* Begin PBXFileReference section */
		3757314D2C129CBC004FD95E /* PickerCell.swift */ = {isa = PBXFileReference; lastKnownFileType = sourcecode.swift; path = PickerCell.swift; sourceTree = "<group>"; };
		3757314E2C129CBC004FD95E /* PickerCell.xib */ = {isa = PBXFileReference; lastKnownFileType = file.xib; path = PickerCell.xib; sourceTree = "<group>"; };
		377DDBFB2C8D7070002C0623 /* customtextfield.swift */ = {isa = PBXFileReference; lastKnownFileType = sourcecode.swift; path = customtextfield.swift; sourceTree = "<group>"; };
		379E1A262C06C33A00AFD3FC /* CheckBox.swift */ = {isa = PBXFileReference; lastKnownFileType = sourcecode.swift; path = CheckBox.swift; sourceTree = "<group>"; };
		379E1A2C2C0A164500AFD3FC /* NotTODOWidgetExtension.appex */ = {isa = PBXFileReference; explicitFileType = "wrapper.app-extension"; includeInIndex = 0; path = NotTODOWidgetExtension.appex; sourceTree = BUILT_PRODUCTS_DIR; };
		379E1A2E2C0A164500AFD3FC /* WidgetKit.framework */ = {isa = PBXFileReference; lastKnownFileType = wrapper.framework; name = WidgetKit.framework; path = System/Library/Frameworks/WidgetKit.framework; sourceTree = SDKROOT; };
		379E1A302C0A164500AFD3FC /* SwiftUI.framework */ = {isa = PBXFileReference; lastKnownFileType = wrapper.framework; name = SwiftUI.framework; path = System/Library/Frameworks/SwiftUI.framework; sourceTree = SDKROOT; };
		379E1A332C0A164500AFD3FC /* NotTODOWidgetBundle.swift */ = {isa = PBXFileReference; lastKnownFileType = sourcecode.swift; path = NotTODOWidgetBundle.swift; sourceTree = "<group>"; };
		379E1A352C0A164500AFD3FC /* NotTODOWidgetLiveActivity.swift */ = {isa = PBXFileReference; lastKnownFileType = sourcecode.swift; path = NotTODOWidgetLiveActivity.swift; sourceTree = "<group>"; };
		379E1A372C0A164500AFD3FC /* NotTODOWidget.swift */ = {isa = PBXFileReference; lastKnownFileType = sourcecode.swift; path = NotTODOWidget.swift; sourceTree = "<group>"; };
		379E1A3B2C0A164900AFD3FC /* Assets.xcassets */ = {isa = PBXFileReference; lastKnownFileType = folder.assetcatalog; path = Assets.xcassets; sourceTree = "<group>"; };
		379E1A3D2C0A164900AFD3FC /* Info.plist */ = {isa = PBXFileReference; lastKnownFileType = text.plist.xml; path = Info.plist; sourceTree = "<group>"; };
		37B568092C23281800992761 /* PrivacyInfo.xcprivacy */ = {isa = PBXFileReference; fileEncoding = 4; lastKnownFileType = text.xml; path = PrivacyInfo.xcprivacy; sourceTree = "<group>"; };
		37FB827C2C03415D00E6ED0D /* NotTODOTableViewCell.swift */ = {isa = PBXFileReference; lastKnownFileType = sourcecode.swift; path = NotTODOTableViewCell.swift; sourceTree = "<group>"; };
		37FB827D2C03415D00E6ED0D /* NotTODOTableViewCell.xib */ = {isa = PBXFileReference; lastKnownFileType = file.xib; path = NotTODOTableViewCell.xib; sourceTree = "<group>"; };
		37FBD1522C00298F0051B214 /* NotTODO.app */ = {isa = PBXFileReference; explicitFileType = wrapper.application; includeInIndex = 0; path = NotTODO.app; sourceTree = BUILT_PRODUCTS_DIR; };
		37FBD1552C00298F0051B214 /* AppDelegate.swift */ = {isa = PBXFileReference; lastKnownFileType = sourcecode.swift; path = AppDelegate.swift; sourceTree = "<group>"; };
		37FBD1572C00298F0051B214 /* SceneDelegate.swift */ = {isa = PBXFileReference; lastKnownFileType = sourcecode.swift; path = SceneDelegate.swift; sourceTree = "<group>"; };
		37FBD1592C00298F0051B214 /* NotTODOViewController.swift */ = {isa = PBXFileReference; lastKnownFileType = sourcecode.swift; path = NotTODOViewController.swift; sourceTree = "<group>"; };
		37FBD15C2C00298F0051B214 /* Base */ = {isa = PBXFileReference; lastKnownFileType = file.storyboard; name = Base; path = Base.lproj/Main.storyboard; sourceTree = "<group>"; };
		37FBD1612C0029930051B214 /* Base */ = {isa = PBXFileReference; lastKnownFileType = file.storyboard; name = Base; path = Base.lproj/LaunchScreen.storyboard; sourceTree = "<group>"; };
		37FBD1632C0029930051B214 /* Info.plist */ = {isa = PBXFileReference; lastKnownFileType = text.plist.xml; path = Info.plist; sourceTree = "<group>"; };
		37FBD16B2C00833C0051B214 /* AddNotTODOController.swift */ = {isa = PBXFileReference; lastKnownFileType = sourcecode.swift; path = AddNotTODOController.swift; sourceTree = "<group>"; };
		37FBD16D2C0083F60051B214 /* NotTODO.swift */ = {isa = PBXFileReference; lastKnownFileType = sourcecode.swift; path = NotTODO.swift; sourceTree = "<group>"; };
		37FDF2832C0C482300CD75F7 /* NotTODO.entitlements */ = {isa = PBXFileReference; lastKnownFileType = text.plist.entitlements; path = NotTODO.entitlements; sourceTree = "<group>"; };
		37FDF2842C0C48B000CD75F7 /* NotTODOWidgetExtension.entitlements */ = {isa = PBXFileReference; lastKnownFileType = text.plist.entitlements; path = NotTODOWidgetExtension.entitlements; sourceTree = "<group>"; };
/* End PBXFileReference section */

/* Begin PBXFrameworksBuildPhase section */
		379E1A292C0A164500AFD3FC /* Frameworks */ = {
			isa = PBXFrameworksBuildPhase;
			buildActionMask = 2147483647;
			files = (
				371254F12C0B1EB100AC06D4 /* RealmSwift in Frameworks */,
				379E1A312C0A164500AFD3FC /* SwiftUI.framework in Frameworks */,
				379E1A2F2C0A164500AFD3FC /* WidgetKit.framework in Frameworks */,
			);
			runOnlyForDeploymentPostprocessing = 0;
		};
		37FBD14F2C00298F0051B214 /* Frameworks */ = {
			isa = PBXFrameworksBuildPhase;
			buildActionMask = 2147483647;
			files = (
				37FB82852C04DEF000E6ED0D /* RealmSwift in Frameworks */,
			);
			runOnlyForDeploymentPostprocessing = 0;
		};
/* End PBXFrameworksBuildPhase section */

/* Begin PBXGroup section */
		379E1A2D2C0A164500AFD3FC /* Frameworks */ = {
			isa = PBXGroup;
			children = (
				379E1A2E2C0A164500AFD3FC /* WidgetKit.framework */,
				379E1A302C0A164500AFD3FC /* SwiftUI.framework */,
			);
			name = Frameworks;
			sourceTree = "<group>";
		};
		379E1A322C0A164500AFD3FC /* NotTODOWidget */ = {
			isa = PBXGroup;
			children = (
				379E1A332C0A164500AFD3FC /* NotTODOWidgetBundle.swift */,
				379E1A352C0A164500AFD3FC /* NotTODOWidgetLiveActivity.swift */,
				379E1A372C0A164500AFD3FC /* NotTODOWidget.swift */,
				379E1A3B2C0A164900AFD3FC /* Assets.xcassets */,
				379E1A3D2C0A164900AFD3FC /* Info.plist */,
			);
			path = NotTODOWidget;
			sourceTree = "<group>";
		};
		37FBD1492C00298F0051B214 = {
			isa = PBXGroup;
			children = (
				37FDF2842C0C48B000CD75F7 /* NotTODOWidgetExtension.entitlements */,
				37FBD16D2C0083F60051B214 /* NotTODO.swift */,
				37FBD1542C00298F0051B214 /* NotTODO */,
				379E1A322C0A164500AFD3FC /* NotTODOWidget */,
				379E1A2D2C0A164500AFD3FC /* Frameworks */,
				37FBD1532C00298F0051B214 /* Products */,
			);
			sourceTree = "<group>";
		};
		37FBD1532C00298F0051B214 /* Products */ = {
			isa = PBXGroup;
			children = (
				37FBD1522C00298F0051B214 /* NotTODO.app */,
				379E1A2C2C0A164500AFD3FC /* NotTODOWidgetExtension.appex */,
			);
			name = Products;
			sourceTree = "<group>";
		};
		37FBD1542C00298F0051B214 /* NotTODO */ = {
			isa = PBXGroup;
			children = (
				37FDF2832C0C482300CD75F7 /* NotTODO.entitlements */,
				37FBD1552C00298F0051B214 /* AppDelegate.swift */,
				37FBD1572C00298F0051B214 /* SceneDelegate.swift */,
				37FBD1592C00298F0051B214 /* NotTODOViewController.swift */,
				37FBD15B2C00298F0051B214 /* Main.storyboard */,
				37FBD1602C0029930051B214 /* LaunchScreen.storyboard */,
				37FBD1632C0029930051B214 /* Info.plist */,
				37B568092C23281800992761 /* PrivacyInfo.xcprivacy */,
				37FBD16B2C00833C0051B214 /* AddNotTODOController.swift */,
				37FB827C2C03415D00E6ED0D /* NotTODOTableViewCell.swift */,
				37FB827D2C03415D00E6ED0D /* NotTODOTableViewCell.xib */,
				379E1A262C06C33A00AFD3FC /* CheckBox.swift */,
				3757314D2C129CBC004FD95E /* PickerCell.swift */,
				3757314E2C129CBC004FD95E /* PickerCell.xib */,
				377DDBFB2C8D7070002C0623 /* customtextfield.swift */,
			);
			path = NotTODO;
			sourceTree = "<group>";
		};
/* End PBXGroup section */

/* Begin PBXNativeTarget section */
		379E1A2B2C0A164500AFD3FC /* NotTODOWidgetExtension */ = {
			isa = PBXNativeTarget;
			buildConfigurationList = 379E1A412C0A164900AFD3FC /* Build configuration list for PBXNativeTarget "NotTODOWidgetExtension" */;
			buildPhases = (
				379E1A282C0A164500AFD3FC /* Sources */,
				379E1A292C0A164500AFD3FC /* Frameworks */,
				379E1A2A2C0A164500AFD3FC /* Resources */,
				371254EE2C0B1EAD00AC06D4 /* Embed Frameworks */,
			);
			buildRules = (
			);
			dependencies = (
			);
			name = NotTODOWidgetExtension;
			packageProductDependencies = (
				371254F02C0B1EB100AC06D4 /* RealmSwift */,
			);
			productName = NotTODOWidgetExtension;
			productReference = 379E1A2C2C0A164500AFD3FC /* NotTODOWidgetExtension.appex */;
			productType = "com.apple.product-type.app-extension";
		};
		37FBD1512C00298F0051B214 /* NotTODO */ = {
			isa = PBXNativeTarget;
			buildConfigurationList = 37FBD1662C0029930051B214 /* Build configuration list for PBXNativeTarget "NotTODO" */;
			buildPhases = (
				37FBD14E2C00298F0051B214 /* Sources */,
				37FBD14F2C00298F0051B214 /* Frameworks */,
				37FBD1502C00298F0051B214 /* Resources */,
				37FB82872C04F01400E6ED0D /* Embed Frameworks */,
				379E1A442C0A164900AFD3FC /* Embed Foundation Extensions */,
			);
			buildRules = (
			);
			dependencies = (
				379E1A3F2C0A164900AFD3FC /* PBXTargetDependency */,
			);
			name = NotTODO;
			packageProductDependencies = (
				37FB82842C04DEF000E6ED0D /* RealmSwift */,
			);
			productName = NotTODO;
			productReference = 37FBD1522C00298F0051B214 /* NotTODO.app */;
			productType = "com.apple.product-type.application";
		};
/* End PBXNativeTarget section */

/* Begin PBXProject section */
		37FBD14A2C00298F0051B214 /* Project object */ = {
			isa = PBXProject;
			attributes = {
				BuildIndependentTargetsInParallel = 1;
				LastSwiftUpdateCheck = 1540;
				LastUpgradeCheck = 1540;
				TargetAttributes = {
					379E1A2B2C0A164500AFD3FC = {
						CreatedOnToolsVersion = 15.4;
					};
					37FBD1512C00298F0051B214 = {
						CreatedOnToolsVersion = 15.4;
					};
				};
			};
			buildConfigurationList = 37FBD14D2C00298F0051B214 /* Build configuration list for PBXProject "NotTODO" */;
			compatibilityVersion = "Xcode 14.0";
			developmentRegion = en;
			hasScannedForEncodings = 0;
			knownRegions = (
				en,
				Base,
			);
			mainGroup = 37FBD1492C00298F0051B214;
			packageReferences = (
				37FB82812C04DEF000E6ED0D /* XCRemoteSwiftPackageReference "realm-swift" */,
			);
			productRefGroup = 37FBD1532C00298F0051B214 /* Products */;
			projectDirPath = "";
			projectRoot = "";
			targets = (
				37FBD1512C00298F0051B214 /* NotTODO */,
				379E1A2B2C0A164500AFD3FC /* NotTODOWidgetExtension */,
			);
		};
/* End PBXProject section */

/* Begin PBXResourcesBuildPhase section */
		379E1A2A2C0A164500AFD3FC /* Resources */ = {
			isa = PBXResourcesBuildPhase;
			buildActionMask = 2147483647;
			files = (
				37B5680B2C23281900992761 /* PrivacyInfo.xcprivacy in Resources */,
				379E1A3C2C0A164900AFD3FC /* Assets.xcassets in Resources */,
			);
			runOnlyForDeploymentPostprocessing = 0;
		};
		37FBD1502C00298F0051B214 /* Resources */ = {
			isa = PBXResourcesBuildPhase;
			buildActionMask = 2147483647;
			files = (
				37B5680A2C23281900992761 /* PrivacyInfo.xcprivacy in Resources */,
				37FBD1622C0029930051B214 /* Base in Resources */,
				3757314F2C129CBC004FD95E /* PickerCell.xib in Resources */,
				37FBD15D2C00298F0051B214 /* Base in Resources */,
				37FB827E2C03415E00E6ED0D /* NotTODOTableViewCell.xib in Resources */,
				375731552C151419004FD95E /* Assets.xcassets in Resources */,
			);
			runOnlyForDeploymentPostprocessing = 0;
		};
/* End PBXResourcesBuildPhase section */

/* Begin PBXSourcesBuildPhase section */
		379E1A282C0A164500AFD3FC /* Sources */ = {
			isa = PBXSourcesBuildPhase;
			buildActionMask = 2147483647;
			files = (
				379E1A382C0A164500AFD3FC /* NotTODOWidget.swift in Sources */,
				371254F52C0B23B400AC06D4 /* NotTODO.swift in Sources */,
				379E1A362C0A164500AFD3FC /* NotTODOWidgetLiveActivity.swift in Sources */,
				379E1A342C0A164500AFD3FC /* NotTODOWidgetBundle.swift in Sources */,
			);
			runOnlyForDeploymentPostprocessing = 0;
		};
		37FBD14E2C00298F0051B214 /* Sources */ = {
			isa = PBXSourcesBuildPhase;
			buildActionMask = 2147483647;
			files = (
				37FBD16C2C00833C0051B214 /* AddNotTODOController.swift in Sources */,
				377DDBFC2C8D7070002C0623 /* customtextfield.swift in Sources */,
				375731502C129CBC004FD95E /* PickerCell.swift in Sources */,
				37FB827F2C03415E00E6ED0D /* NotTODOTableViewCell.swift in Sources */,
				37FBD16E2C0083F60051B214 /* NotTODO.swift in Sources */,
				379E1A272C06C33A00AFD3FC /* CheckBox.swift in Sources */,
				37FBD15A2C00298F0051B214 /* NotTODOViewController.swift in Sources */,
				37FBD1562C00298F0051B214 /* AppDelegate.swift in Sources */,
				37FBD1582C00298F0051B214 /* SceneDelegate.swift in Sources */,
			);
			runOnlyForDeploymentPostprocessing = 0;
		};
/* End PBXSourcesBuildPhase section */

/* Begin PBXTargetDependency section */
		379E1A3F2C0A164900AFD3FC /* PBXTargetDependency */ = {
			isa = PBXTargetDependency;
			target = 379E1A2B2C0A164500AFD3FC /* NotTODOWidgetExtension */;
			targetProxy = 379E1A3E2C0A164900AFD3FC /* PBXContainerItemProxy */;
		};
/* End PBXTargetDependency section */

/* Begin PBXVariantGroup section */
		37FBD15B2C00298F0051B214 /* Main.storyboard */ = {
			isa = PBXVariantGroup;
			children = (
				37FBD15C2C00298F0051B214 /* Base */,
			);
			name = Main.storyboard;
			sourceTree = "<group>";
		};
		37FBD1602C0029930051B214 /* LaunchScreen.storyboard */ = {
			isa = PBXVariantGroup;
			children = (
				37FBD1612C0029930051B214 /* Base */,
			);
			name = LaunchScreen.storyboard;
			sourceTree = "<group>";
		};
/* End PBXVariantGroup section */

/* Begin XCBuildConfiguration section */
		379E1A422C0A164900AFD3FC /* Debug */ = {
			isa = XCBuildConfiguration;
			buildSettings = {
				ASSETCATALOG_COMPILER_GLOBAL_ACCENT_COLOR_NAME = AccentColor;
				ASSETCATALOG_COMPILER_WIDGET_BACKGROUND_COLOR_NAME = WidgetBackground;
				CODE_SIGN_ENTITLEMENTS = NotTODOWidgetExtension.entitlements;
				CODE_SIGN_STYLE = Automatic;
				CURRENT_PROJECT_VERSION = 1;
				DEVELOPMENT_TEAM = NH269XV6X5;
				"FRAMEWORK_SEARCH_PATHS[arch=*]" = "$(inherited)";
				GENERATE_INFOPLIST_FILE = YES;
				INFOPLIST_FILE = NotTODOWidget/Info.plist;
				INFOPLIST_KEY_CFBundleDisplayName = NotTODOWidget;
				INFOPLIST_KEY_NSHumanReadableCopyright = "";
				LD_RUNPATH_SEARCH_PATHS = (
					"$(inherited)",
					"@executable_path/Frameworks",
					"@executable_path/../../Frameworks",
				);
				MARKETING_VERSION = 1.0;
				"OTHER_LDFLAGS[arch=*]" = "-ObjC";
				PRODUCT_BUNDLE_IDENTIFIER = com.Usui.Crayon.NotTODO.NotTODOWidget;
				PRODUCT_NAME = "$(TARGET_NAME)";
				SKIP_INSTALL = YES;
				SWIFT_EMIT_LOC_STRINGS = YES;
				SWIFT_VERSION = 5.0;
				TARGETED_DEVICE_FAMILY = "1,2";
			};
			name = Debug;
		};
		379E1A432C0A164900AFD3FC /* Release */ = {
			isa = XCBuildConfiguration;
			buildSettings = {
				ASSETCATALOG_COMPILER_GLOBAL_ACCENT_COLOR_NAME = AccentColor;
				ASSETCATALOG_COMPILER_WIDGET_BACKGROUND_COLOR_NAME = WidgetBackground;
				CODE_SIGN_ENTITLEMENTS = NotTODOWidgetExtension.entitlements;
				CODE_SIGN_STYLE = Automatic;
				CURRENT_PROJECT_VERSION = 1;
				DEVELOPMENT_TEAM = NH269XV6X5;
				"FRAMEWORK_SEARCH_PATHS[arch=*]" = "$(inherited)";
				GENERATE_INFOPLIST_FILE = YES;
				INFOPLIST_FILE = NotTODOWidget/Info.plist;
				INFOPLIST_KEY_CFBundleDisplayName = NotTODOWidget;
				INFOPLIST_KEY_NSHumanReadableCopyright = "";
				LD_RUNPATH_SEARCH_PATHS = (
					"$(inherited)",
					"@executable_path/Frameworks",
					"@executable_path/../../Frameworks",
				);
				MARKETING_VERSION = 1.0;
				"OTHER_LDFLAGS[arch=*]" = "-ObjC";
				PRODUCT_BUNDLE_IDENTIFIER = com.Usui.Crayon.NotTODO.NotTODOWidget;
				PRODUCT_NAME = "$(TARGET_NAME)";
				SKIP_INSTALL = YES;
				SWIFT_EMIT_LOC_STRINGS = YES;
				SWIFT_VERSION = 5.0;
				TARGETED_DEVICE_FAMILY = "1,2";
			};
			name = Release;
		};
		37FBD1642C0029930051B214 /* Debug */ = {
			isa = XCBuildConfiguration;
			buildSettings = {
				ALWAYS_SEARCH_USER_PATHS = NO;
				ASSETCATALOG_COMPILER_GENERATE_SWIFT_ASSET_SYMBOL_EXTENSIONS = YES;
				CLANG_ANALYZER_NONNULL = YES;
				CLANG_ANALYZER_NUMBER_OBJECT_CONVERSION = YES_AGGRESSIVE;
				CLANG_CXX_LANGUAGE_STANDARD = "gnu++20";
				CLANG_ENABLE_MODULES = YES;
				CLANG_ENABLE_OBJC_ARC = YES;
				CLANG_ENABLE_OBJC_WEAK = YES;
				CLANG_WARN_BLOCK_CAPTURE_AUTORELEASING = YES;
				CLANG_WARN_BOOL_CONVERSION = YES;
				CLANG_WARN_COMMA = YES;
				CLANG_WARN_CONSTANT_CONVERSION = YES;
				CLANG_WARN_DEPRECATED_OBJC_IMPLEMENTATIONS = YES;
				CLANG_WARN_DIRECT_OBJC_ISA_USAGE = YES_ERROR;
				CLANG_WARN_DOCUMENTATION_COMMENTS = YES;
				CLANG_WARN_EMPTY_BODY = YES;
				CLANG_WARN_ENUM_CONVERSION = YES;
				CLANG_WARN_INFINITE_RECURSION = YES;
				CLANG_WARN_INT_CONVERSION = YES;
				CLANG_WARN_NON_LITERAL_NULL_CONVERSION = YES;
				CLANG_WARN_OBJC_IMPLICIT_RETAIN_SELF = YES;
				CLANG_WARN_OBJC_LITERAL_CONVERSION = YES;
				CLANG_WARN_OBJC_ROOT_CLASS = YES_ERROR;
				CLANG_WARN_QUOTED_INCLUDE_IN_FRAMEWORK_HEADER = YES;
				CLANG_WARN_RANGE_LOOP_ANALYSIS = YES;
				CLANG_WARN_STRICT_PROTOTYPES = YES;
				CLANG_WARN_SUSPICIOUS_MOVE = YES;
				CLANG_WARN_UNGUARDED_AVAILABILITY = YES_AGGRESSIVE;
				CLANG_WARN_UNREACHABLE_CODE = YES;
				CLANG_WARN__DUPLICATE_METHOD_MATCH = YES;
				COPY_PHASE_STRIP = NO;
				DEBUG_INFORMATION_FORMAT = dwarf;
				ENABLE_STRICT_OBJC_MSGSEND = YES;
				ENABLE_TESTABILITY = YES;
				ENABLE_USER_SCRIPT_SANDBOXING = YES;
				GCC_C_LANGUAGE_STANDARD = gnu17;
				GCC_DYNAMIC_NO_PIC = NO;
				GCC_NO_COMMON_BLOCKS = YES;
				GCC_OPTIMIZATION_LEVEL = 0;
				GCC_PREPROCESSOR_DEFINITIONS = (
					"DEBUG=1",
					"$(inherited)",
				);
				GCC_WARN_64_TO_32_BIT_CONVERSION = YES;
				GCC_WARN_ABOUT_RETURN_TYPE = YES_ERROR;
				GCC_WARN_UNDECLARED_SELECTOR = YES;
				GCC_WARN_UNINITIALIZED_AUTOS = YES_AGGRESSIVE;
				GCC_WARN_UNUSED_FUNCTION = YES;
				GCC_WARN_UNUSED_VARIABLE = YES;
				GENERATE_MASTER_OBJECT_FILE = NO;
				IPHONEOS_DEPLOYMENT_TARGET = 17.5;
				"LIBRARY_SEARCH_PATHS[arch=*]" = "$(inherited)";
				LOCALIZATION_PREFERS_STRING_CATALOGS = YES;
				MTL_ENABLE_DEBUG_INFO = INCLUDE_SOURCE;
				MTL_FAST_MATH = YES;
				ONLY_ACTIVE_ARCH = YES;
				"OTHER_LDFLAGS[arch=*]" = "-ObjC";
				SDKROOT = iphoneos;
				SWIFT_ACTIVE_COMPILATION_CONDITIONS = "DEBUG $(inherited)";
				SWIFT_OPTIMIZATION_LEVEL = "-Onone";
			};
			name = Debug;
		};
		37FBD1652C0029930051B214 /* Release */ = {
			isa = XCBuildConfiguration;
			buildSettings = {
				ALWAYS_SEARCH_USER_PATHS = NO;
				ASSETCATALOG_COMPILER_GENERATE_SWIFT_ASSET_SYMBOL_EXTENSIONS = YES;
				CLANG_ANALYZER_NONNULL = YES;
				CLANG_ANALYZER_NUMBER_OBJECT_CONVERSION = YES_AGGRESSIVE;
				CLANG_CXX_LANGUAGE_STANDARD = "gnu++20";
				CLANG_ENABLE_MODULES = YES;
				CLANG_ENABLE_OBJC_ARC = YES;
				CLANG_ENABLE_OBJC_WEAK = YES;
				CLANG_WARN_BLOCK_CAPTURE_AUTORELEASING = YES;
				CLANG_WARN_BOOL_CONVERSION = YES;
				CLANG_WARN_COMMA = YES;
				CLANG_WARN_CONSTANT_CONVERSION = YES;
				CLANG_WARN_DEPRECATED_OBJC_IMPLEMENTATIONS = YES;
				CLANG_WARN_DIRECT_OBJC_ISA_USAGE = YES_ERROR;
				CLANG_WARN_DOCUMENTATION_COMMENTS = YES;
				CLANG_WARN_EMPTY_BODY = YES;
				CLANG_WARN_ENUM_CONVERSION = YES;
				CLANG_WARN_INFINITE_RECURSION = YES;
				CLANG_WARN_INT_CONVERSION = YES;
				CLANG_WARN_NON_LITERAL_NULL_CONVERSION = YES;
				CLANG_WARN_OBJC_IMPLICIT_RETAIN_SELF = YES;
				CLANG_WARN_OBJC_LITERAL_CONVERSION = YES;
				CLANG_WARN_OBJC_ROOT_CLASS = YES_ERROR;
				CLANG_WARN_QUOTED_INCLUDE_IN_FRAMEWORK_HEADER = YES;
				CLANG_WARN_RANGE_LOOP_ANALYSIS = YES;
				CLANG_WARN_STRICT_PROTOTYPES = YES;
				CLANG_WARN_SUSPICIOUS_MOVE = YES;
				CLANG_WARN_UNGUARDED_AVAILABILITY = YES_AGGRESSIVE;
				CLANG_WARN_UNREACHABLE_CODE = YES;
				CLANG_WARN__DUPLICATE_METHOD_MATCH = YES;
				COPY_PHASE_STRIP = NO;
				DEBUG_INFORMATION_FORMAT = "dwarf-with-dsym";
				ENABLE_NS_ASSERTIONS = NO;
				ENABLE_STRICT_OBJC_MSGSEND = YES;
				ENABLE_USER_SCRIPT_SANDBOXING = YES;
				GCC_C_LANGUAGE_STANDARD = gnu17;
				GCC_NO_COMMON_BLOCKS = YES;
				GCC_WARN_64_TO_32_BIT_CONVERSION = YES;
				GCC_WARN_ABOUT_RETURN_TYPE = YES_ERROR;
				GCC_WARN_UNDECLARED_SELECTOR = YES;
				GCC_WARN_UNINITIALIZED_AUTOS = YES_AGGRESSIVE;
				GCC_WARN_UNUSED_FUNCTION = YES;
				GCC_WARN_UNUSED_VARIABLE = YES;
				GENERATE_MASTER_OBJECT_FILE = NO;
				IPHONEOS_DEPLOYMENT_TARGET = 17.5;
				"LIBRARY_SEARCH_PATHS[arch=*]" = "$(inherited)";
				LOCALIZATION_PREFERS_STRING_CATALOGS = YES;
				MTL_ENABLE_DEBUG_INFO = NO;
				MTL_FAST_MATH = YES;
				"OTHER_LDFLAGS[arch=*]" = "-ObjC";
				SDKROOT = iphoneos;
				SWIFT_COMPILATION_MODE = wholemodule;
				VALIDATE_PRODUCT = YES;
			};
			name = Release;
		};
		37FBD1672C0029930051B214 /* Debug */ = {
			isa = XCBuildConfiguration;
			buildSettings = {
				ALWAYS_EMBED_SWIFT_STANDARD_LIBRARIES = YES;
				ASSETCATALOG_COMPILER_APPICON_NAME = AppIcon;
				ASSETCATALOG_COMPILER_GLOBAL_ACCENT_COLOR_NAME = AccentColor;
				CODE_SIGN_ENTITLEMENTS = NotTODO/NotTODO.entitlements;
				CODE_SIGN_STYLE = Automatic;
				CURRENT_PROJECT_VERSION = 1.01;
				DEVELOPMENT_TEAM = NH269XV6X5;
				GENERATE_INFOPLIST_FILE = YES;
				INFOPLIST_FILE = NotTODO/Info.plist;
				INFOPLIST_KEY_NSLocationAlwaysUsageDescription = "位置情報取得のため";
				INFOPLIST_KEY_UIApplicationSupportsIndirectInputEvents = YES;
				INFOPLIST_KEY_UILaunchStoryboardName = LaunchScreen;
				INFOPLIST_KEY_UIMainStoryboardFile = Main;
				INFOPLIST_KEY_UISupportedInterfaceOrientations_iPad = "UIInterfaceOrientationPortrait UIInterfaceOrientationPortraitUpsideDown UIInterfaceOrientationLandscapeLeft UIInterfaceOrientationLandscapeRight";
				INFOPLIST_KEY_UISupportedInterfaceOrientations_iPhone = "UIInterfaceOrientationPortrait UIInterfaceOrientationLandscapeLeft UIInterfaceOrientationLandscapeRight";
				LD_RUNPATH_SEARCH_PATHS = (
					"$(inherited)",
					"@executable_path/Frameworks",
				);
				"LIBRARY_SEARCH_PATHS[arch=*]" = "$(inherited)";
				MARKETING_VERSION = 1.01;
				"OTHER_LDFLAGS[arch=*]" = "-ObjC";
				PRODUCT_BUNDLE_IDENTIFIER = com.Usui.Crayon.NotTODO;
				PRODUCT_NAME = "$(TARGET_NAME)";
				SWIFT_EMIT_LOC_STRINGS = YES;
				SWIFT_VERSION = 5.0;
				TARGETED_DEVICE_FAMILY = "1,2";
			};
			name = Debug;
		};
		37FBD1682C0029930051B214 /* Release */ = {
			isa = XCBuildConfiguration;
			buildSettings = {
				ALWAYS_EMBED_SWIFT_STANDARD_LIBRARIES = YES;
				ASSETCATALOG_COMPILER_APPICON_NAME = AppIcon;
				ASSETCATALOG_COMPILER_GLOBAL_ACCENT_COLOR_NAME = AccentColor;
				CODE_SIGN_ENTITLEMENTS = NotTODO/NotTODO.entitlements;
				CODE_SIGN_STYLE = Automatic;
				CURRENT_PROJECT_VERSION = 1.01;
				DEVELOPMENT_TEAM = NH269XV6X5;
				GENERATE_INFOPLIST_FILE = YES;
				INFOPLIST_FILE = NotTODO/Info.plist;
				INFOPLIST_KEY_NSLocationAlwaysUsageDescription = "位置情報取得のため";
				INFOPLIST_KEY_UIApplicationSupportsIndirectInputEvents = YES;
				INFOPLIST_KEY_UILaunchStoryboardName = LaunchScreen;
				INFOPLIST_KEY_UIMainStoryboardFile = Main;
				INFOPLIST_KEY_UISupportedInterfaceOrientations_iPad = "UIInterfaceOrientationPortrait UIInterfaceOrientationPortraitUpsideDown UIInterfaceOrientationLandscapeLeft UIInterfaceOrientationLandscapeRight";
				INFOPLIST_KEY_UISupportedInterfaceOrientations_iPhone = "UIInterfaceOrientationPortrait UIInterfaceOrientationLandscapeLeft UIInterfaceOrientationLandscapeRight";
				LD_RUNPATH_SEARCH_PATHS = (
					"$(inherited)",
					"@executable_path/Frameworks",
				);
				"LIBRARY_SEARCH_PATHS[arch=*]" = "$(inherited)";
				MARKETING_VERSION = 1.01;
				"OTHER_LDFLAGS[arch=*]" = "-ObjC";
				PRODUCT_BUNDLE_IDENTIFIER = com.Usui.Crayon.NotTODO;
				PRODUCT_NAME = "$(TARGET_NAME)";
				SWIFT_EMIT_LOC_STRINGS = YES;
				SWIFT_VERSION = 5.0;
				TARGETED_DEVICE_FAMILY = "1,2";
			};
			name = Release;
		};
/* End XCBuildConfiguration section */

/* Begin XCConfigurationList section */
		379E1A412C0A164900AFD3FC /* Build configuration list for PBXNativeTarget "NotTODOWidgetExtension" */ = {
			isa = XCConfigurationList;
			buildConfigurations = (
				379E1A422C0A164900AFD3FC /* Debug */,
				379E1A432C0A164900AFD3FC /* Release */,
			);
			defaultConfigurationIsVisible = 0;
			defaultConfigurationName = Release;
		};
		37FBD14D2C00298F0051B214 /* Build configuration list for PBXProject "NotTODO" */ = {
			isa = XCConfigurationList;
			buildConfigurations = (
				37FBD1642C0029930051B214 /* Debug */,
				37FBD1652C0029930051B214 /* Release */,
			);
			defaultConfigurationIsVisible = 0;
			defaultConfigurationName = Release;
		};
		37FBD1662C0029930051B214 /* Build configuration list for PBXNativeTarget "NotTODO" */ = {
			isa = XCConfigurationList;
			buildConfigurations = (
				37FBD1672C0029930051B214 /* Debug */,
				37FBD1682C0029930051B214 /* Release */,
			);
			defaultConfigurationIsVisible = 0;
			defaultConfigurationName = Release;
		};
/* End XCConfigurationList section */

/* Begin XCRemoteSwiftPackageReference section */
		37FB82812C04DEF000E6ED0D /* XCRemoteSwiftPackageReference "realm-swift" */ = {
			isa = XCRemoteSwiftPackageReference;
			repositoryURL = "https://github.com/realm/realm-swift.git";
			requirement = {
				branch = master;
				kind = branch;
			};
		};
/* End XCRemoteSwiftPackageReference section */

/* Begin XCSwiftPackageProductDependency section */
		371254F02C0B1EB100AC06D4 /* RealmSwift */ = {
			isa = XCSwiftPackageProductDependency;
			package = 37FB82812C04DEF000E6ED0D /* XCRemoteSwiftPackageReference "realm-swift" */;
			productName = RealmSwift;
		};
		37FB82842C04DEF000E6ED0D /* RealmSwift */ = {
			isa = XCSwiftPackageProductDependency;
			package = 37FB82812C04DEF000E6ED0D /* XCRemoteSwiftPackageReference "realm-swift" */;
			productName = RealmSwift;
		};
/* End XCSwiftPackageProductDependency section */
	};
	rootObject = 37FBD14A2C00298F0051B214 /* Project object */;
}
