// !$*UTF8*$!
{
	archiveVersion = 1;
	classes = {
	};
	objectVersion = 56;
	objects = {

/* Begin PBXBuildFile section */
		37FBD1562C00298F0051B214 /* AppDelegate.swift in Sources */ = {isa = PBXBuildFile; fileRef = 37FBD1552C00298F0051B214 /* AppDelegate.swift */; };
		37FBD1582C00298F0051B214 /* SceneDelegate.swift in Sources */ = {isa = PBXBuildFile; fileRef = 37FBD1572C00298F0051B214 /* SceneDelegate.swift */; };
		37FBD15A2C00298F0051B214 /* NotTODOViewController.swift in Sources */ = {isa = PBXBuildFile; fileRef = 37FBD1592C00298F0051B214 /* NotTODOViewController.swift */; };
		37FBD15D2C00298F0051B214 /* Base in Resources */ = {isa = PBXBuildFile; fileRef = 37FBD15C2C00298F0051B214 /* Base */; };
		37FBD15F2C0029930051B214 /* Assets.xcassets in Resources */ = {isa = PBXBuildFile; fileRef = 37FBD15E2C0029930051B214 /* Assets.xcassets */; };
		37FBD1622C0029930051B214 /* Base in Resources */ = {isa = PBXBuildFile; fileRef = 37FBD1612C0029930051B214 /* Base */; };
		37FBD16A2C007DB00051B214 /* NotTODOTableViewCell.swift in Sources */ = {isa = PBXBuildFile; fileRef = 37FBD1692C007DAF0051B214 /* NotTODOTableViewCell.swift */; };
		37FBD16C2C00833C0051B214 /* AddNotTODOController.swift in Sources */ = {isa = PBXBuildFile; fileRef = 37FBD16B2C00833C0051B214 /* AddNotTODOController.swift */; };
		37FBD16E2C0083F60051B214 /* NotTODO.swift in Sources */ = {isa = PBXBuildFile; fileRef = 37FBD16D2C0083F60051B214 /* NotTODO.swift */; };
/* End PBXBuildFile section */

/* Begin PBXFileReference section */
		37FBD1522C00298F0051B214 /* NotTODO.app */ = {isa = PBXFileReference; explicitFileType = wrapper.application; includeInIndex = 0; path = NotTODO.app; sourceTree = BUILT_PRODUCTS_DIR; };
		37FBD1552C00298F0051B214 /* AppDelegate.swift */ = {isa = PBXFileReference; lastKnownFileType = sourcecode.swift; path = AppDelegate.swift; sourceTree = "<group>"; };
		37FBD1572C00298F0051B214 /* SceneDelegate.swift */ = {isa = PBXFileReference; lastKnownFileType = sourcecode.swift; path = SceneDelegate.swift; sourceTree = "<group>"; };
		37FBD1592C00298F0051B214 /* NotTODOViewController.swift */ = {isa = PBXFileReference; lastKnownFileType = sourcecode.swift; path = NotTODOViewController.swift; sourceTree = "<group>"; };
		37FBD15C2C00298F0051B214 /* Base */ = {isa = PBXFileReference; lastKnownFileType = file.storyboard; name = Base; path = Base.lproj/Main.storyboard; sourceTree = "<group>"; };
		37FBD15E2C0029930051B214 /* Assets.xcassets */ = {isa = PBXFileReference; lastKnownFileType = folder.assetcatalog; path = Assets.xcassets; sourceTree = "<group>"; };
		37FBD1612C0029930051B214 /* Base */ = {isa = PBXFileReference; lastKnownFileType = file.storyboard; name = Base; path = Base.lproj/LaunchScreen.storyboard; sourceTree = "<group>"; };
		37FBD1632C0029930051B214 /* Info.plist */ = {isa = PBXFileReference; lastKnownFileType = text.plist.xml; path = Info.plist; sourceTree = "<group>"; };
		37FBD1692C007DAF0051B214 /* NotTODOTableViewCell.swift */ = {isa = PBXFileReference; lastKnownFileType = sourcecode.swift; path = NotTODOTableViewCell.swift; sourceTree = "<group>"; };
		37FBD16B2C00833C0051B214 /* AddNotTODOController.swift */ = {isa = PBXFileReference; lastKnownFileType = sourcecode.swift; path = AddNotTODOController.swift; sourceTree = "<group>"; };
		37FBD16D2C0083F60051B214 /* NotTODO.swift */ = {isa = PBXFileReference; lastKnownFileType = sourcecode.swift; path = NotTODO.swift; sourceTree = "<group>"; };
/* End PBXFileReference section */

/* Begin PBXFrameworksBuildPhase section */
		37FBD14F2C00298F0051B214 /* Frameworks */ = {
			isa = PBXFrameworksBuildPhase;
			buildActionMask = 2147483647;
			files = (
			);
			runOnlyForDeploymentPostprocessing = 0;
		};
/* End PBXFrameworksBuildPhase section */

/* Begin PBXGroup section */
		37FBD1492C00298F0051B214 = {
			isa = PBXGroup;
			children = (
				37FBD1542C00298F0051B214 /* NotTODO */,
				37FBD1532C00298F0051B214 /* Products */,
			);
			sourceTree = "<group>";
		};
		37FBD1532C00298F0051B214 /* Products */ = {
			isa = PBXGroup;
			children = (
				37FBD1522C00298F0051B214 /* NotTODO.app */,
			);
			name = Products;
			sourceTree = "<group>";
		};
		37FBD1542C00298F0051B214 /* NotTODO */ = {
			isa = PBXGroup;
			children = (
				37FBD1692C007DAF0051B214 /* NotTODOTableViewCell.swift */,
				37FBD1552C00298F0051B214 /* AppDelegate.swift */,
				37FBD1572C00298F0051B214 /* SceneDelegate.swift */,
				37FBD1592C00298F0051B214 /* NotTODOViewController.swift */,
				37FBD15B2C00298F0051B214 /* Main.storyboard */,
				37FBD15E2C0029930051B214 /* Assets.xcassets */,
				37FBD1602C0029930051B214 /* LaunchScreen.storyboard */,
				37FBD1632C0029930051B214 /* Info.plist */,
				37FBD16B2C00833C0051B214 /* AddNotTODOController.swift */,
				37FBD16D2C0083F60051B214 /* NotTODO.swift */,
			);
			path = NotTODO;
			sourceTree = "<group>";
		};
/* End PBXGroup section */

/* Begin PBXNativeTarget section */
		37FBD1512C00298F0051B214 /* NotTODO */ = {
			isa = PBXNativeTarget;
			buildConfigurationList = 37FBD1662C0029930051B214 /* Build configuration list for PBXNativeTarget "NotTODO" */;
			buildPhases = (
				37FBD14E2C00298F0051B214 /* Sources */,
				37FBD14F2C00298F0051B214 /* Frameworks */,
				37FBD1502C00298F0051B214 /* Resources */,
			);
			buildRules = (
			);
			dependencies = (
			);
			name = NotTODO;
			productName = NotTODO;
			productReference = 37FBD1522C00298F0051B214 /* NotTODO.app */;
			productType = "com.apple.product-type.application";
		};
/* End PBXNativeTarget section */

/* Begin PBXProject section */
		37FBD14A2C00298F0051B214 /* Project object */ = {
			isa = PBXProject;
			attributes = {
				BuildIndependentTargetsInParallel = 1;
				LastSwiftUpdateCheck = 1540;
				LastUpgradeCheck = 1540;
				TargetAttributes = {
					37FBD1512C00298F0051B214 = {
						CreatedOnToolsVersion = 15.4;
					};
				};
			};
			buildConfigurationList = 37FBD14D2C00298F0051B214 /* Build configuration list for PBXProject "NotTODO" */;
			compatibilityVersion = "Xcode 14.0";
			developmentRegion = en;
			hasScannedForEncodings = 0;
			knownRegions = (
				en,
				Base,
			);
			mainGroup = 37FBD1492C00298F0051B214;
			productRefGroup = 37FBD1532C00298F0051B214 /* Products */;
			projectDirPath = "";
			projectRoot = "";
			targets = (
				37FBD1512C00298F0051B214 /* NotTODO */,
			);
		};
/* End PBXProject section */

/* Begin PBXResourcesBuildPhase section */
		37FBD1502C00298F0051B214 /* Resources */ = {
			isa = PBXResourcesBuildPhase;
			buildActionMask = 2147483647;
			files = (
				37FBD15F2C0029930051B214 /* Assets.xcassets in Resources */,
				37FBD1622C0029930051B214 /* Base in Resources */,
				37FBD15D2C00298F0051B214 /* Base in Resources */,
			);
			runOnlyForDeploymentPostprocessing = 0;
		};
/* End PBXResourcesBuildPhase section */

/* Begin PBXSourcesBuildPhase section */
		37FBD14E2C00298F0051B214 /* Sources */ = {
			isa = PBXSourcesBuildPhase;
			buildActionMask = 2147483647;
			files = (
				37FBD16C2C00833C0051B214 /* AddNotTODOController.swift in Sources */,
				37FBD16E2C0083F60051B214 /* NotTODO.swift in Sources */,
				37FBD15A2C00298F0051B214 /* NotTODOViewController.swift in Sources */,
				37FBD16A2C007DB00051B214 /* NotTODOTableViewCell.swift in Sources */,
				37FBD1562C00298F0051B214 /* AppDelegate.swift in Sources */,
				37FBD1582C00298F0051B214 /* SceneDelegate.swift in Sources */,
			);
			runOnlyForDeploymentPostprocessing = 0;
		};
/* End PBXSourcesBuildPhase section */

/* Begin PBXVariantGroup section */
		37FBD15B2C00298F0051B214 /* Main.storyboard */ = {
			isa = PBXVariantGroup;
			children = (
				37FBD15C2C00298F0051B214 /* Base */,
			);
			name = Main.storyboard;
			sourceTree = "<group>";
		};
		37FBD1602C0029930051B214 /* LaunchScreen.storyboard */ = {
			isa = PBXVariantGroup;
			children = (
				37FBD1612C0029930051B214 /* Base */,
			);
			name = LaunchScreen.storyboard;
			sourceTree = "<group>";
		};
/* End PBXVariantGroup section */

/* Begin XCBuildConfiguration section */
		37FBD1642C0029930051B214 /* Debug */ = {
			isa = XCBuildConfiguration;
			buildSettings = {
				ALWAYS_SEARCH_USER_PATHS = NO;
				ASSETCATALOG_COMPILER_GENERATE_SWIFT_ASSET_SYMBOL_EXTENSIONS = YES;
				CLANG_ANALYZER_NONNULL = YES;
				CLANG_ANALYZER_NUMBER_OBJECT_CONVERSION = YES_AGGRESSIVE;
				CLANG_CXX_LANGUAGE_STANDARD = "gnu++20";
				CLANG_ENABLE_MODULES = YES;
				CLANG_ENABLE_OBJC_ARC = YES;
				CLANG_ENABLE_OBJC_WEAK = YES;
				CLANG_WARN_BLOCK_CAPTURE_AUTORELEASING = YES;
				CLANG_WARN_BOOL_CONVERSION = YES;
				CLANG_WARN_COMMA = YES;
				CLANG_WARN_CONSTANT_CONVERSION = YES;
				CLANG_WARN_DEPRECATED_OBJC_IMPLEMENTATIONS = YES;
				CLANG_WARN_DIRECT_OBJC_ISA_USAGE = YES_ERROR;
				CLANG_WARN_DOCUMENTATION_COMMENTS = YES;
				CLANG_WARN_EMPTY_BODY = YES;
				CLANG_WARN_ENUM_CONVERSION = YES;
				CLANG_WARN_INFINITE_RECURSION = YES;
				CLANG_WARN_INT_CONVERSION = YES;
				CLANG_WARN_NON_LITERAL_NULL_CONVERSION = YES;
				CLANG_WARN_OBJC_IMPLICIT_RETAIN_SELF = YES;
				CLANG_WARN_OBJC_LITERAL_CONVERSION = YES;
				CLANG_WARN_OBJC_ROOT_CLASS = YES_ERROR;
				CLANG_WARN_QUOTED_INCLUDE_IN_FRAMEWORK_HEADER = YES;
				CLANG_WARN_RANGE_LOOP_ANALYSIS = YES;
				CLANG_WARN_STRICT_PROTOTYPES = YES;
				CLANG_WARN_SUSPICIOUS_MOVE = YES;
				CLANG_WARN_UNGUARDED_AVAILABILITY = YES_AGGRESSIVE;
				CLANG_WARN_UNREACHABLE_CODE = YES;
				CLANG_WARN__DUPLICATE_METHOD_MATCH = YES;
				COPY_PHASE_STRIP = NO;
				DEBUG_INFORMATION_FORMAT = dwarf;
				ENABLE_STRICT_OBJC_MSGSEND = YES;
				ENABLE_TESTABILITY = YES;
				ENABLE_USER_SCRIPT_SANDBOXING = YES;
				GCC_C_LANGUAGE_STANDARD = gnu17;
				GCC_DYNAMIC_NO_PIC = NO;
				GCC_NO_COMMON_BLOCKS = YES;
				GCC_OPTIMIZATION_LEVEL = 0;
				GCC_PREPROCESSOR_DEFINITIONS = (
					"DEBUG=1",
					"$(inherited)",
				);
				GCC_WARN_64_TO_32_BIT_CONVERSION = YES;
				GCC_WARN_ABOUT_RETURN_TYPE = YES_ERROR;
				GCC_WARN_UNDECLARED_SELECTOR = YES;
				GCC_WARN_UNINITIALIZED_AUTOS = YES_AGGRESSIVE;
				GCC_WARN_UNUSED_FUNCTION = YES;
				GCC_WARN_UNUSED_VARIABLE = YES;
				IPHONEOS_DEPLOYMENT_TARGET = 17.5;
				LOCALIZATION_PREFERS_STRING_CATALOGS = YES;
				MTL_ENABLE_DEBUG_INFO = INCLUDE_SOURCE;
				MTL_FAST_MATH = YES;
				ONLY_ACTIVE_ARCH = YES;
				SDKROOT = iphoneos;
				SWIFT_ACTIVE_COMPILATION_CONDITIONS = "DEBUG $(inherited)";
				SWIFT_OPTIMIZATION_LEVEL = "-Onone";
			};
			name = Debug;
		};
		37FBD1652C0029930051B214 /* Release */ = {
			isa = XCBuildConfiguration;
			buildSettings = {
				ALWAYS_SEARCH_USER_PATHS = NO;
				ASSETCATALOG_COMPILER_GENERATE_SWIFT_ASSET_SYMBOL_EXTENSIONS = YES;
				CLANG_ANALYZER_NONNULL = YES;
				CLANG_ANALYZER_NUMBER_OBJECT_CONVERSION = YES_AGGRESSIVE;
				CLANG_CXX_LANGUAGE_STANDARD = "gnu++20";
				CLANG_ENABLE_MODULES = YES;
				CLANG_ENABLE_OBJC_ARC = YES;
				CLANG_ENABLE_OBJC_WEAK = YES;
				CLANG_WARN_BLOCK_CAPTURE_AUTORELEASING = YES;
				CLANG_WARN_BOOL_CONVERSION = YES;
				CLANG_WARN_COMMA = YES;
				CLANG_WARN_CONSTANT_CONVERSION = YES;
				CLANG_WARN_DEPRECATED_OBJC_IMPLEMENTATIONS = YES;
				CLANG_WARN_DIRECT_OBJC_ISA_USAGE = YES_ERROR;
				CLANG_WARN_DOCUMENTATION_COMMENTS = YES;
				CLANG_WARN_EMPTY_BODY = YES;
				CLANG_WARN_ENUM_CONVERSION = YES;
				CLANG_WARN_INFINITE_RECURSION = YES;
				CLANG_WARN_INT_CONVERSION = YES;
				CLANG_WARN_NON_LITERAL_NULL_CONVERSION = YES;
				CLANG_WARN_OBJC_IMPLICIT_RETAIN_SELF = YES;
				CLANG_WARN_OBJC_LITERAL_CONVERSION = YES;
				CLANG_WARN_OBJC_ROOT_CLASS = YES_ERROR;
				CLANG_WARN_QUOTED_INCLUDE_IN_FRAMEWORK_HEADER = YES;
				CLANG_WARN_RANGE_LOOP_ANALYSIS = YES;
				CLANG_WARN_STRICT_PROTOTYPES = YES;
				CLANG_WARN_SUSPICIOUS_MOVE = YES;
				CLANG_WARN_UNGUARDED_AVAILABILITY = YES_AGGRESSIVE;
				CLANG_WARN_UNREACHABLE_CODE = YES;
				CLANG_WARN__DUPLICATE_METHOD_MATCH = YES;
				COPY_PHASE_STRIP = NO;
				DEBUG_INFORMATION_FORMAT = "dwarf-with-dsym";
				ENABLE_NS_ASSERTIONS = NO;
				ENABLE_STRICT_OBJC_MSGSEND = YES;
				ENABLE_USER_SCRIPT_SANDBOXING = YES;
				GCC_C_LANGUAGE_STANDARD = gnu17;
				GCC_NO_COMMON_BLOCKS = YES;
				GCC_WARN_64_TO_32_BIT_CONVERSION = YES;
				GCC_WARN_ABOUT_RETURN_TYPE = YES_ERROR;
				GCC_WARN_UNDECLARED_SELECTOR = YES;
				GCC_WARN_UNINITIALIZED_AUTOS = YES_AGGRESSIVE;
				GCC_WARN_UNUSED_FUNCTION = YES;
				GCC_WARN_UNUSED_VARIABLE = YES;
				IPHONEOS_DEPLOYMENT_TARGET = 17.5;
				LOCALIZATION_PREFERS_STRING_CATALOGS = YES;
				MTL_ENABLE_DEBUG_INFO = NO;
				MTL_FAST_MATH = YES;
				SDKROOT = iphoneos;
				SWIFT_COMPILATION_MODE = wholemodule;
				VALIDATE_PRODUCT = YES;
			};
			name = Release;
		};
		37FBD1672C0029930051B214 /* Debug */ = {
			isa = XCBuildConfiguration;
			buildSettings = {
				ASSETCATALOG_COMPILER_APPICON_NAME = AppIcon;
				ASSETCATALOG_COMPILER_GLOBAL_ACCENT_COLOR_NAME = AccentColor;
				CODE_SIGN_STYLE = Automatic;
				CURRENT_PROJECT_VERSION = 1;
				DEVELOPMENT_TEAM = L3CL7A9YM2;
				GENERATE_INFOPLIST_FILE = YES;
				INFOPLIST_FILE = NotTODO/Info.plist;
				INFOPLIST_KEY_UIApplicationSupportsIndirectInputEvents = YES;
				INFOPLIST_KEY_UILaunchStoryboardName = LaunchScreen;
				INFOPLIST_KEY_UIMainStoryboardFile = Main;
				INFOPLIST_KEY_UISupportedInterfaceOrientations_iPad = "UIInterfaceOrientationPortrait UIInterfaceOrientationPortraitUpsideDown UIInterfaceOrientationLandscapeLeft UIInterfaceOrientationLandscapeRight";
				INFOPLIST_KEY_UISupportedInterfaceOrientations_iPhone = "UIInterfaceOrientationPortrait UIInterfaceOrientationLandscapeLeft UIInterfaceOrientationLandscapeRight";
				LD_RUNPATH_SEARCH_PATHS = (
					"$(inherited)",
					"@executable_path/Frameworks",
				);
				MARKETING_VERSION = 1.0;
				PRODUCT_BUNDLE_IDENTIFIER = app.Usui.Crayon.NotTODO;
				PRODUCT_NAME = "$(TARGET_NAME)";
				SWIFT_EMIT_LOC_STRINGS = YES;
				SWIFT_VERSION = 5.0;
				TARGETED_DEVICE_FAMILY = "1,2";
			};
			name = Debug;
		};
		37FBD1682C0029930051B214 /* Release */ = {
			isa = XCBuildConfiguration;
			buildSettings = {
				ASSETCATALOG_COMPILER_APPICON_NAME = AppIcon;
				ASSETCATALOG_COMPILER_GLOBAL_ACCENT_COLOR_NAME = AccentColor;
				CODE_SIGN_STYLE = Automatic;
				CURRENT_PROJECT_VERSION = 1;
				DEVELOPMENT_TEAM = L3CL7A9YM2;
				GENERATE_INFOPLIST_FILE = YES;
				INFOPLIST_FILE = NotTODO/Info.plist;
				INFOPLIST_KEY_UIApplicationSupportsIndirectInputEvents = YES;
				INFOPLIST_KEY_UILaunchStoryboardName = LaunchScreen;
				INFOPLIST_KEY_UIMainStoryboardFile = Main;
				INFOPLIST_KEY_UISupportedInterfaceOrientations_iPad = "UIInterfaceOrientationPortrait UIInterfaceOrientationPortraitUpsideDown UIInterfaceOrientationLandscapeLeft UIInterfaceOrientationLandscapeRight";
				INFOPLIST_KEY_UISupportedInterfaceOrientations_iPhone = "UIInterfaceOrientationPortrait UIInterfaceOrientationLandscapeLeft UIInterfaceOrientationLandscapeRight";
				LD_RUNPATH_SEARCH_PATHS = (
					"$(inherited)",
					"@executable_path/Frameworks",
				);
				MARKETING_VERSION = 1.0;
				PRODUCT_BUNDLE_IDENTIFIER = app.Usui.Crayon.NotTODO;
				PRODUCT_NAME = "$(TARGET_NAME)";
				SWIFT_EMIT_LOC_STRINGS = YES;
				SWIFT_VERSION = 5.0;
				TARGETED_DEVICE_FAMILY = "1,2";
			};
			name = Release;
		};
/* End XCBuildConfiguration section */

/* Begin XCConfigurationList section */
		37FBD14D2C00298F0051B214 /* Build configuration list for PBXProject "NotTODO" */ = {
			isa = XCConfigurationList;
			buildConfigurations = (
				37FBD1642C0029930051B214 /* Debug */,
				37FBD1652C0029930051B214 /* Release */,
			);
			defaultConfigurationIsVisible = 0;
			defaultConfigurationName = Release;
		};
		37FBD1662C0029930051B214 /* Build configuration list for PBXNativeTarget "NotTODO" */ = {
			isa = XCConfigurationList;
			buildConfigurations = (
				37FBD1672C0029930051B214 /* Debug */,
				37FBD1682C0029930051B214 /* Release */,
			);
			defaultConfigurationIsVisible = 0;
			defaultConfigurationName = Release;
		};
/* End XCConfigurationList section */
	};
	rootObject = 37FBD14A2C00298F0051B214 /* Project object */;
}
